
Microsoft Visual Studio Solution File, Format Version 12.00
# Visual Studio Version 16
VisualStudioVersion = 16.0.29403.142
MinimumVisualStudioVersion = 10.0.40219.1
Project("{FAE04EC0-301F-11D3-BF4B-00C04F79EFBC}") = "Geomine", "Geomine.csproj", "{808FACC7-425E-409A-8B56-1E42C273BED9}"
EndProject
Global
	GlobalSection(SolutionConfigurationPlatforms) = preSolution
		Debug|Any CPU = Debug|Any CPU
		Release|Any CPU = Release|Any CPU
	EndGlobalSection
	GlobalSection(ProjectConfigurationPlatforms) = postSolution
		{808FACC7-425E-409A-8B56-1E42C273BED9}.Debug|Any CPU.ActiveCfg = DebugInterface|Any CPU
		{808FACC7-425E-409A-8B56-1E42C273BED9}.Debug|Any CPU.Build.0 = DebugInterface|Any CPU
		{808FACC7-425E-409A-8B56-1E42C273BED9}.Release|Any CPU.ActiveCfg = Release|Any CPU
		{808FACC7-425E-409A-8B56-1E42C273BED9}.Release|Any CPU.Build.0 = Release|Any CPU
	EndGlobalSection
	GlobalSection(SolutionProperties) = preSolution
		HideSolutionNode = FALSE
	EndGlobalSection
	GlobalSection(ExtensibilityGlobals) = postSolution
		SolutionGuid = {9C99731D-1FD0-4312-909E-A1F927973C5F}
	EndGlobalSection
EndGlobal
